# THIS IS AN AUTOGENERATED FILE. DO NOT EDIT THIS FILE DIRECTLY.
# yarn lockfile v1


"@fazland/atlante@alekitto/atlante#7f80459d4fde586d6a57052a0100d035fe7187a8":
  version "1.0.0"
  resolved "https://codeload.github.com/alekitto/atlante/tar.gz/7f80459d4fde586d6a57052a0100d035fe7187a8"
  dependencies:
    "@jymfony/util" "^0.1.0-alpha.18"

"@jymfony/exceptions@0.1.0-alpha.20":
  version "0.1.0-alpha.20"
  resolved "https://registry.yarnpkg.com/@jymfony/exceptions/-/exceptions-0.1.0-alpha.20.tgz#f2e00257eda05e77b470b8ebbb76995c5f589e15"
  integrity sha512-9GxBTj2D51/6pezBGgkc8C6+op/KnTpB58/UouVurMdo4rbxU1KD+CFeY9wSJfNUGNLzikAvgUq6E/6/tmhVMQ==

"@jymfony/util@^0.1.0-alpha.18":
  version "0.1.0-alpha.20"
  resolved "https://registry.yarnpkg.com/@jymfony/util/-/util-0.1.0-alpha.20.tgz#8ad11092cfaf4c03eebf8a8336e6c54aeff936ff"
  integrity sha512-aUvn5Eh+rNzzU7lEIhVaaHwVw0+oKn7OJFzu37r6Mh+w4OetVHRlhq9OGey3MBmtDnoQI0Br/ot6EAOPOgzivw==
  dependencies:
    "@jymfony/exceptions" "0.1.0-alpha.20"

"@types/node@^13.7.2":
  version "13.7.2"
  resolved "https://registry.yarnpkg.com/@types/node/-/node-13.7.2.tgz#50375b95b5845a34efda2ffb3a087c7becbc46c6"
  integrity sha512-uvilvAQbdJvnSBFcKJ2td4016urcGvsiR+N4dHGU87ml8O2Vl6l+ErOi9w0kXSPiwJ1AYlIW+0pDXDWWMOiWbw==

typescript@^3.7.5:
  version "3.7.5"
  resolved "https://registry.yarnpkg.com/typescript/-/typescript-3.7.5.tgz#0692e21f65fd4108b9330238aac11dd2e177a1ae"
  integrity sha512-/P5lkRXkWHNAbcJIiHPfRoKqyd7bsyCma1hZNUGfn20qm64T6ZBlrzprymeu918H+mB/0rIg2gGK/BXkhhYgBw==
